
Microsoft Visual Studio Solution File, Format Version 12.00
# Visual Studio Version 16
VisualStudioVersion = 16.0.31729.503
MinimumVisualStudioVersion = 10.0.40219.1
Project("{FAE04EC0-301F-11D3-BF4B-00C04F79EFBC}") = "LLBitMan", "LLBitMan\LLBitMan.csproj", "{48AFAEF3-8153-41EF-B8EE-5260BD96E663}"
EndProject
Project("{FAE04EC0-301F-11D3-BF4B-00C04F79EFBC}") = "LLBitManTester", "LLBitManTester\LLBitManTester.csproj", "{39C4185C-B8C0-4988-BB3A-02435545D659}"
EndProject
Global
	GlobalSection(SolutionConfigurationPlatforms) = preSolution
		Debug|Any CPU = Debug|Any CPU
		Release|Any CPU = Release|Any CPU
	EndGlobalSection
	GlobalSection(ProjectConfigurationPlatforms) = postSolution
		{48AFAEF3-8153-41EF-B8EE-5260BD96E663}.Debug|Any CPU.ActiveCfg = Debug|Any CPU
		{48AFAEF3-8153-41EF-B8EE-5260BD96E663}.Debug|Any CPU.Build.0 = Debug|Any CPU
		{48AFAEF3-8153-41EF-B8EE-5260BD96E663}.Release|Any CPU.ActiveCfg = Release|Any CPU
		{48AFAEF3-8153-41EF-B8EE-5260BD96E663}.Release|Any CPU.Build.0 = Release|Any CPU
		{39C4185C-B8C0-4988-BB3A-02435545D659}.Debug|Any CPU.ActiveCfg = Debug|Any CPU
		{39C4185C-B8C0-4988-BB3A-02435545D659}.Debug|Any CPU.Build.0 = Debug|Any CPU
		{39C4185C-B8C0-4988-BB3A-02435545D659}.Release|Any CPU.ActiveCfg = Release|Any CPU
		{39C4185C-B8C0-4988-BB3A-02435545D659}.Release|Any CPU.Build.0 = Release|Any CPU
	EndGlobalSection
	GlobalSection(SolutionProperties) = preSolution
		HideSolutionNode = FALSE
	EndGlobalSection
	GlobalSection(ExtensibilityGlobals) = postSolution
		SolutionGuid = {EE0E2D21-26AB-4060-BDF5-EAFD989405C5}
	EndGlobalSection
EndGlobal
